
Microsoft Visual Studio Solution File, Format Version 12.00
# Visual Studio 2012
Project("{FAE04EC0-301F-11D3-BF4B-00C04F79EFBC}") = "ListView_Toast", "ListView_Toast\ListView_Toast.csproj", "{B34F2749-DC27-4A21-AF3C-2D8A47E9206E}"
EndProject
Global
	GlobalSection(SolutionConfigurationPlatforms) = preSolution
		Debug|Any CPU = Debug|Any CPU
		Release|Any CPU = Release|Any CPU
	EndGlobalSection
	GlobalSection(ProjectConfigurationPlatforms) = postSolution
		{B34F2749-DC27-4A21-AF3C-2D8A47E9206E}.Debug|Any CPU.ActiveCfg = Debug|Any CPU
		{B34F2749-DC27-4A21-AF3C-2D8A47E9206E}.Debug|Any CPU.Build.0 = Debug|Any CPU
		{B34F2749-DC27-4A21-AF3C-2D8A47E9206E}.Release|Any CPU.ActiveCfg = Release|Any CPU
		{B34F2749-DC27-4A21-AF3C-2D8A47E9206E}.Release|Any CPU.Build.0 = Release|Any CPU
	EndGlobalSection
EndGlobal
